
Microsoft Visual Studio Solution File, Format Version 12.00
# Visual Studio 15
VisualStudioVersion = 15.0.27703.2026
MinimumVisualStudioVersion = 10.0.40219.1
Project("{FAE04EC0-301F-11D3-BF4B-00C04F79EFBC}") = "BrainfuckSharp", "source\BrainfuckSharp\BrainfuckSharp.csproj", "{29688E23-AEA4-4F0D-9ABB-5617CD6722D7}"
EndProject
Project("{FAE04EC0-301F-11D3-BF4B-00C04F79EFBC}") = "BrainfuckSharp.Cli", "source\BrainfuckSharp.Cli\BrainfuckSharp.Cli.csproj", "{1566189B-0956-41FF-AA6A-BC1F71D25994}"
EndProject
Global
	GlobalSection(SolutionConfigurationPlatforms) = preSolution
		Debug|Any CPU = Debug|Any CPU
		Release|Any CPU = Release|Any CPU
	EndGlobalSection
	GlobalSection(ProjectConfigurationPlatforms) = postSolution
		{29688E23-AEA4-4F0D-9ABB-5617CD6722D7}.Debug|Any CPU.ActiveCfg = Debug|Any CPU
		{29688E23-AEA4-4F0D-9ABB-5617CD6722D7}.Debug|Any CPU.Build.0 = Debug|Any CPU
		{29688E23-AEA4-4F0D-9ABB-5617CD6722D7}.Release|Any CPU.ActiveCfg = Release|Any CPU
		{29688E23-AEA4-4F0D-9ABB-5617CD6722D7}.Release|Any CPU.Build.0 = Release|Any CPU
		{1566189B-0956-41FF-AA6A-BC1F71D25994}.Debug|Any CPU.ActiveCfg = Debug|Any CPU
		{1566189B-0956-41FF-AA6A-BC1F71D25994}.Debug|Any CPU.Build.0 = Debug|Any CPU
		{1566189B-0956-41FF-AA6A-BC1F71D25994}.Release|Any CPU.ActiveCfg = Release|Any CPU
		{1566189B-0956-41FF-AA6A-BC1F71D25994}.Release|Any CPU.Build.0 = Release|Any CPU
	EndGlobalSection
	GlobalSection(SolutionProperties) = preSolution
		HideSolutionNode = FALSE
	EndGlobalSection
	GlobalSection(ExtensibilityGlobals) = postSolution
		SolutionGuid = {F1F42887-F238-4904-BA99-30C92E82F1D5}
	EndGlobalSection
EndGlobal
